
Microsoft Visual Studio Solution File, Format Version 12.00
# Visual Studio Version 16
VisualStudioVersion = 16.0.32228.343
MinimumVisualStudioVersion = 10.0.40219.1
Project("{8BC9CEB8-8B4A-11D0-8D11-00A0C91BC942}") = "Week 1", "Week 1\Week 1.vcxproj", "{8895AFF7-DA28-43C4-B70F-6DC7411C12F9}"
EndProject
Global
	GlobalSection(SolutionConfigurationPlatforms) = preSolution
		Debug|x64 = Debug|x64
		Debug|x86 = Debug|x86
		Release|x64 = Release|x64
		Release|x86 = Release|x86
	EndGlobalSection
	GlobalSection(ProjectConfigurationPlatforms) = postSolution
		{8895AFF7-DA28-43C4-B70F-6DC7411C12F9}.Debug|x64.ActiveCfg = Debug|x64
		{8895AFF7-DA28-43C4-B70F-6DC7411C12F9}.Debug|x64.Build.0 = Debug|x64
		{8895AFF7-DA28-43C4-B70F-6DC7411C12F9}.Debug|x86.ActiveCfg = Debug|Win32
		{8895AFF7-DA28-43C4-B70F-6DC7411C12F9}.Debug|x86.Build.0 = Debug|Win32
		{8895AFF7-DA28-43C4-B70F-6DC7411C12F9}.Release|x64.ActiveCfg = Release|x64
		{8895AFF7-DA28-43C4-B70F-6DC7411C12F9}.Release|x64.Build.0 = Release|x64
		{8895AFF7-DA28-43C4-B70F-6DC7411C12F9}.Release|x86.ActiveCfg = Release|Win32
		{8895AFF7-DA28-43C4-B70F-6DC7411C12F9}.Release|x86.Build.0 = Release|Win32
	EndGlobalSection
	GlobalSection(SolutionProperties) = preSolution
		HideSolutionNode = FALSE
	EndGlobalSection
	GlobalSection(ExtensibilityGlobals) = postSolution
		SolutionGuid = {A0FE43E1-0902-41B1-9283-9CA8E6AF7722}
	EndGlobalSection
EndGlobal
